
Microsoft Visual Studio Solution File, Format Version 12.00
Project("{FAE04EC0-301F-11D3-BF4B-00C04F79EFBC}") = "SampleLocalStorage", "SampleLocalStorage\SampleLocalStorage.csproj", "{B97C9807-7307-40BF-9926-A57F95B78FF6}"
EndProject
Project("{FAE04EC0-301F-11D3-BF4B-00C04F79EFBC}") = "ACRForHelmCharts", "ACRForHelmCharts\ACRForHelmCharts.csproj", "{8B7EC14A-A2FE-415E-B396-C359BE5D0885}"
EndProject
Global
	GlobalSection(SolutionConfigurationPlatforms) = preSolution
		Debug|Any CPU = Debug|Any CPU
		Release|Any CPU = Release|Any CPU
	EndGlobalSection
	GlobalSection(ProjectConfigurationPlatforms) = postSolution
		{B97C9807-7307-40BF-9926-A57F95B78FF6}.Debug|Any CPU.ActiveCfg = Debug|Any CPU
		{B97C9807-7307-40BF-9926-A57F95B78FF6}.Debug|Any CPU.Build.0 = Debug|Any CPU
		{B97C9807-7307-40BF-9926-A57F95B78FF6}.Release|Any CPU.ActiveCfg = Release|Any CPU
		{B97C9807-7307-40BF-9926-A57F95B78FF6}.Release|Any CPU.Build.0 = Release|Any CPU
		{8B7EC14A-A2FE-415E-B396-C359BE5D0885}.Debug|Any CPU.ActiveCfg = Debug|Any CPU
		{8B7EC14A-A2FE-415E-B396-C359BE5D0885}.Debug|Any CPU.Build.0 = Debug|Any CPU
		{8B7EC14A-A2FE-415E-B396-C359BE5D0885}.Release|Any CPU.ActiveCfg = Release|Any CPU
		{8B7EC14A-A2FE-415E-B396-C359BE5D0885}.Release|Any CPU.Build.0 = Release|Any CPU
	EndGlobalSection
EndGlobal
